
Microsoft Visual Studio Solution File, Format Version 12.00
# Visual Studio Version 17
VisualStudioVersion = 17.7.34031.279
MinimumVisualStudioVersion = 10.0.40219.1
Project("{9A19103F-16F7-4668-BE54-9A1E7A4F7556}") = "MVC", "MVC\MVC.csproj", "{1E2B2DBC-2566-42C0-9457-3A37A19F1C94}"
EndProject
Project("{2150E333-8FDC-42A3-9474-1A3956D46DE8}") = "Solution Items", "Solution Items", "{16265037-8209-499F-9C1C-8783E6416F16}"
	ProjectSection(SolutionItems) = preProject
		ReadMe.txt = ReadMe.txt
	EndProjectSection
EndProject
Project("{9A19103F-16F7-4668-BE54-9A1E7A4F7556}") = "DataAccess", "DataAccess\DataAccess.csproj", "{DD2D77B1-7CB2-4533-B81E-2C5E66CC4F5C}"
EndProject
Project("{9A19103F-16F7-4668-BE54-9A1E7A4F7556}") = "Business", "Business\Business.csproj", "{5B01C873-593B-49FC-A1C6-DDD4863D1066}"
EndProject
Project("{9A19103F-16F7-4668-BE54-9A1E7A4F7556}") = "WebApi", "WebApi\WebApi.csproj", "{D078E5E1-2AA0-4BDB-B7AF-BC56E55EAF26}"
EndProject
Project("{9A19103F-16F7-4668-BE54-9A1E7A4F7556}") = "Core", "Core\Core.csproj", "{4701CB2D-66D4-4D52-BC73-C3A050F39096}"
EndProject
Global
	GlobalSection(SolutionConfigurationPlatforms) = preSolution
		Debug|Any CPU = Debug|Any CPU
		Release|Any CPU = Release|Any CPU
	EndGlobalSection
	GlobalSection(ProjectConfigurationPlatforms) = postSolution
		{1E2B2DBC-2566-42C0-9457-3A37A19F1C94}.Debug|Any CPU.ActiveCfg = Debug|Any CPU
		{1E2B2DBC-2566-42C0-9457-3A37A19F1C94}.Debug|Any CPU.Build.0 = Debug|Any CPU
		{1E2B2DBC-2566-42C0-9457-3A37A19F1C94}.Release|Any CPU.ActiveCfg = Release|Any CPU
		{1E2B2DBC-2566-42C0-9457-3A37A19F1C94}.Release|Any CPU.Build.0 = Release|Any CPU
		{DD2D77B1-7CB2-4533-B81E-2C5E66CC4F5C}.Debug|Any CPU.ActiveCfg = Debug|Any CPU
		{DD2D77B1-7CB2-4533-B81E-2C5E66CC4F5C}.Debug|Any CPU.Build.0 = Debug|Any CPU
		{DD2D77B1-7CB2-4533-B81E-2C5E66CC4F5C}.Release|Any CPU.ActiveCfg = Release|Any CPU
		{DD2D77B1-7CB2-4533-B81E-2C5E66CC4F5C}.Release|Any CPU.Build.0 = Release|Any CPU
		{5B01C873-593B-49FC-A1C6-DDD4863D1066}.Debug|Any CPU.ActiveCfg = Debug|Any CPU
		{5B01C873-593B-49FC-A1C6-DDD4863D1066}.Debug|Any CPU.Build.0 = Debug|Any CPU
		{5B01C873-593B-49FC-A1C6-DDD4863D1066}.Release|Any CPU.ActiveCfg = Release|Any CPU
		{5B01C873-593B-49FC-A1C6-DDD4863D1066}.Release|Any CPU.Build.0 = Release|Any CPU
		{D078E5E1-2AA0-4BDB-B7AF-BC56E55EAF26}.Debug|Any CPU.ActiveCfg = Debug|Any CPU
		{D078E5E1-2AA0-4BDB-B7AF-BC56E55EAF26}.Debug|Any CPU.Build.0 = Debug|Any CPU
		{D078E5E1-2AA0-4BDB-B7AF-BC56E55EAF26}.Release|Any CPU.ActiveCfg = Release|Any CPU
		{D078E5E1-2AA0-4BDB-B7AF-BC56E55EAF26}.Release|Any CPU.Build.0 = Release|Any CPU
		{4701CB2D-66D4-4D52-BC73-C3A050F39096}.Debug|Any CPU.ActiveCfg = Debug|Any CPU
		{4701CB2D-66D4-4D52-BC73-C3A050F39096}.Debug|Any CPU.Build.0 = Debug|Any CPU
		{4701CB2D-66D4-4D52-BC73-C3A050F39096}.Release|Any CPU.ActiveCfg = Release|Any CPU
		{4701CB2D-66D4-4D52-BC73-C3A050F39096}.Release|Any CPU.Build.0 = Release|Any CPU
	EndGlobalSection
	GlobalSection(SolutionProperties) = preSolution
		HideSolutionNode = FALSE
	EndGlobalSection
	GlobalSection(ExtensibilityGlobals) = postSolution
		SolutionGuid = {554575C0-5EF5-4837-9CB2-C9237773BEDE}
	EndGlobalSection
EndGlobal
